// !$*UTF8*$!
{
	archiveVersion = 1;
	classes = {
	};
	objectVersion = 50;
	objects = {

/* Begin PBXBuildFile section */
		471F01B32361C74A003EEDFB /* DoubleInt.swift in Sources */ = {isa = PBXBuildFile; fileRef = 471F01B22361C749003EEDFB /* DoubleInt.swift */; };
		471F01B72361D5AC003EEDFB /* TabbarController.swift in Sources */ = {isa = PBXBuildFile; fileRef = 471F01B62361D5AC003EEDFB /* TabbarController.swift */; };
		4786E00123617AED00AFDCDC /* WeatherHistoryViewController.swift in Sources */ = {isa = PBXBuildFile; fileRef = 4786E00023617AED00AFDCDC /* WeatherHistoryViewController.swift */; };
		4786E00323617B4200AFDCDC /* WeatherHistoryTableViewCell.swift in Sources */ = {isa = PBXBuildFile; fileRef = 4786E00223617B4200AFDCDC /* WeatherHistoryTableViewCell.swift */; };
		4786E0062361892A00AFDCDC /* OpenWeatherAPI.swift in Sources */ = {isa = PBXBuildFile; fileRef = 4786E0052361892A00AFDCDC /* OpenWeatherAPI.swift */; };
		4786E00823618A7000AFDCDC /* Constant.swift in Sources */ = {isa = PBXBuildFile; fileRef = 4786E00723618A7000AFDCDC /* Constant.swift */; };
		47B12EEC2360D9A0005248CE /* AppDelegate.swift in Sources */ = {isa = PBXBuildFile; fileRef = 47B12EEB2360D9A0005248CE /* AppDelegate.swift */; };
		47B12EF02360D9A0005248CE /* WeatherViewController.swift in Sources */ = {isa = PBXBuildFile; fileRef = 47B12EEF2360D9A0005248CE /* WeatherViewController.swift */; };
		47B12EF32360D9A0005248CE /* Main.storyboard in Resources */ = {isa = PBXBuildFile; fileRef = 47B12EF12360D9A0005248CE /* Main.storyboard */; };
		47B12EF62360D9A0005248CE /* WeatherLogger.xcdatamodeld in Sources */ = {isa = PBXBuildFile; fileRef = 47B12EF42360D9A0005248CE /* WeatherLogger.xcdatamodeld */; };
		47B12EF82360D9A6005248CE /* Assets.xcassets in Resources */ = {isa = PBXBuildFile; fileRef = 47B12EF72360D9A6005248CE /* Assets.xcassets */; };
		47B12EFB2360D9A6005248CE /* LaunchScreen.storyboard in Resources */ = {isa = PBXBuildFile; fileRef = 47B12EF92360D9A6005248CE /* LaunchScreen.storyboard */; };
		47B12F062360D9A7005248CE /* WeatherLoggerTests.swift in Sources */ = {isa = PBXBuildFile; fileRef = 47B12F052360D9A7005248CE /* WeatherLoggerTests.swift */; };
		47B12F162360F271005248CE /* OpenWeather.swift in Sources */ = {isa = PBXBuildFile; fileRef = 47B12F152360F271005248CE /* OpenWeather.swift */; };
		47D64FD32362DBAE0080EF04 /* DetailWeatherHistoryViewController.swift in Sources */ = {isa = PBXBuildFile; fileRef = 47D64FD22362DBAE0080EF04 /* DetailWeatherHistoryViewController.swift */; };
		47D84DB3236436B800285982 /* UIViewControllerUIAlertController.swift in Sources */ = {isa = PBXBuildFile; fileRef = 47D84DB2236436B800285982 /* UIViewControllerUIAlertController.swift */; };
/* End PBXBuildFile section */

/* Begin PBXContainerItemProxy section */
		47B12F022360D9A7005248CE /* PBXContainerItemProxy */ = {
			isa = PBXContainerItemProxy;
			containerPortal = 47B12EE02360D9A0005248CE /* Project object */;
			proxyType = 1;
			remoteGlobalIDString = 47B12EE72360D9A0005248CE;
			remoteInfo = WeatherLogger;
		};
/* End PBXContainerItemProxy section */

/* Begin PBXFileReference section */
		471F01B22361C749003EEDFB /* DoubleInt.swift */ = {isa = PBXFileReference; lastKnownFileType = sourcecode.swift; path = DoubleInt.swift; sourceTree = "<group>"; };
		471F01B62361D5AC003EEDFB /* TabbarController.swift */ = {isa = PBXFileReference; lastKnownFileType = sourcecode.swift; path = TabbarController.swift; sourceTree = "<group>"; };
		4786E00023617AED00AFDCDC /* WeatherHistoryViewController.swift */ = {isa = PBXFileReference; lastKnownFileType = sourcecode.swift; path = WeatherHistoryViewController.swift; sourceTree = "<group>"; };
		4786E00223617B4200AFDCDC /* WeatherHistoryTableViewCell.swift */ = {isa = PBXFileReference; lastKnownFileType = sourcecode.swift; path = WeatherHistoryTableViewCell.swift; sourceTree = "<group>"; };
		4786E0052361892A00AFDCDC /* OpenWeatherAPI.swift */ = {isa = PBXFileReference; lastKnownFileType = sourcecode.swift; path = OpenWeatherAPI.swift; sourceTree = "<group>"; };
		4786E00723618A7000AFDCDC /* Constant.swift */ = {isa = PBXFileReference; lastKnownFileType = sourcecode.swift; path = Constant.swift; sourceTree = "<group>"; };
		47B12EE82360D9A0005248CE /* WeatherLogger.app */ = {isa = PBXFileReference; explicitFileType = wrapper.application; includeInIndex = 0; path = WeatherLogger.app; sourceTree = BUILT_PRODUCTS_DIR; };
		47B12EEB2360D9A0005248CE /* AppDelegate.swift */ = {isa = PBXFileReference; lastKnownFileType = sourcecode.swift; path = AppDelegate.swift; sourceTree = "<group>"; };
		47B12EEF2360D9A0005248CE /* WeatherViewController.swift */ = {isa = PBXFileReference; lastKnownFileType = sourcecode.swift; path = WeatherViewController.swift; sourceTree = "<group>"; };
		47B12EF22360D9A0005248CE /* Base */ = {isa = PBXFileReference; lastKnownFileType = file.storyboard; name = Base; path = Base.lproj/Main.storyboard; sourceTree = "<group>"; };
		47B12EF52360D9A0005248CE /* WeatherLogger.xcdatamodel */ = {isa = PBXFileReference; lastKnownFileType = wrapper.xcdatamodel; path = WeatherLogger.xcdatamodel; sourceTree = "<group>"; };
		47B12EF72360D9A6005248CE /* Assets.xcassets */ = {isa = PBXFileReference; lastKnownFileType = folder.assetcatalog; path = Assets.xcassets; sourceTree = "<group>"; };
		47B12EFA2360D9A6005248CE /* Base */ = {isa = PBXFileReference; lastKnownFileType = file.storyboard; name = Base; path = Base.lproj/LaunchScreen.storyboard; sourceTree = "<group>"; };
		47B12EFC2360D9A6005248CE /* Info.plist */ = {isa = PBXFileReference; lastKnownFileType = text.plist.xml; path = Info.plist; sourceTree = "<group>"; };
		47B12F012360D9A7005248CE /* WeatherLoggerTests.xctest */ = {isa = PBXFileReference; explicitFileType = wrapper.cfbundle; includeInIndex = 0; path = WeatherLoggerTests.xctest; sourceTree = BUILT_PRODUCTS_DIR; };
		47B12F052360D9A7005248CE /* WeatherLoggerTests.swift */ = {isa = PBXFileReference; lastKnownFileType = sourcecode.swift; path = WeatherLoggerTests.swift; sourceTree = "<group>"; };
		47B12F072360D9A7005248CE /* Info.plist */ = {isa = PBXFileReference; lastKnownFileType = text.plist.xml; path = Info.plist; sourceTree = "<group>"; };
		47B12F152360F271005248CE /* OpenWeather.swift */ = {isa = PBXFileReference; lastKnownFileType = sourcecode.swift; path = OpenWeather.swift; sourceTree = "<group>"; };
		47D64FD22362DBAE0080EF04 /* DetailWeatherHistoryViewController.swift */ = {isa = PBXFileReference; lastKnownFileType = sourcecode.swift; path = DetailWeatherHistoryViewController.swift; sourceTree = "<group>"; };
		47D84DB2236436B800285982 /* UIViewControllerUIAlertController.swift */ = {isa = PBXFileReference; lastKnownFileType = sourcecode.swift; path = UIViewControllerUIAlertController.swift; sourceTree = "<group>"; };
/* End PBXFileReference section */

/* Begin PBXFrameworksBuildPhase section */
		47B12EE52360D9A0005248CE /* Frameworks */ = {
			isa = PBXFrameworksBuildPhase;
			buildActionMask = 2147483647;
			files = (
			);
			runOnlyForDeploymentPostprocessing = 0;
		};
		47B12EFE2360D9A7005248CE /* Frameworks */ = {
			isa = PBXFrameworksBuildPhase;
			buildActionMask = 2147483647;
			files = (
			);
			runOnlyForDeploymentPostprocessing = 0;
		};
/* End PBXFrameworksBuildPhase section */

/* Begin PBXGroup section */
		471F01B12361C735003EEDFB /* Resources */ = {
			isa = PBXGroup;
			children = (
				471F01B22361C749003EEDFB /* DoubleInt.swift */,
				47D84DB2236436B800285982 /* UIViewControllerUIAlertController.swift */,
			);
			path = Resources;
			sourceTree = "<group>";
		};
		471F01B42361D593003EEDFB /* Tabbar */ = {
			isa = PBXGroup;
			children = (
				471F01B52361D59C003EEDFB /* View */,
			);
			path = Tabbar;
			sourceTree = "<group>";
		};
		471F01B52361D59C003EEDFB /* View */ = {
			isa = PBXGroup;
			children = (
				471F01B62361D5AC003EEDFB /* TabbarController.swift */,
			);
			path = View;
			sourceTree = "<group>";
		};
		4786DFFA236174D500AFDCDC /* App */ = {
			isa = PBXGroup;
			children = (
				47B12EF12360D9A0005248CE /* Main.storyboard */,
				47B12EEB2360D9A0005248CE /* AppDelegate.swift */,
			);
			path = App;
			sourceTree = "<group>";
		};
		4786DFFB2361751000AFDCDC /* Resources */ = {
			isa = PBXGroup;
			children = (
				47B12EF72360D9A6005248CE /* Assets.xcassets */,
				47B12EF92360D9A6005248CE /* LaunchScreen.storyboard */,
			);
			path = Resources;
			sourceTree = "<group>";
		};
		4786DFFC236175F400AFDCDC /* Supporting Files */ = {
			isa = PBXGroup;
			children = (
				4786DFFB2361751000AFDCDC /* Resources */,
			);
			path = "Supporting Files";
			sourceTree = "<group>";
		};
		4786DFFD23617AAA00AFDCDC /* WeatherHistory */ = {
			isa = PBXGroup;
			children = (
				4786DFFF23617AC100AFDCDC /* Controller */,
				4786DFFE23617AB800AFDCDC /* View */,
			);
			path = WeatherHistory;
			sourceTree = "<group>";
		};
		4786DFFE23617AB800AFDCDC /* View */ = {
			isa = PBXGroup;
			children = (
				4786E00223617B4200AFDCDC /* WeatherHistoryTableViewCell.swift */,
			);
			path = View;
			sourceTree = "<group>";
		};
		4786DFFF23617AC100AFDCDC /* Controller */ = {
			isa = PBXGroup;
			children = (
				4786E00023617AED00AFDCDC /* WeatherHistoryViewController.swift */,
				47D64FD22362DBAE0080EF04 /* DetailWeatherHistoryViewController.swift */,
			);
			path = Controller;
			sourceTree = "<group>";
		};
		4786E004236188EE00AFDCDC /* APIService */ = {
			isa = PBXGroup;
			children = (
				4786E0052361892A00AFDCDC /* OpenWeatherAPI.swift */,
			);
			path = APIService;
			sourceTree = "<group>";
		};
		47B12EDF2360D9A0005248CE = {
			isa = PBXGroup;
			children = (
				47B12EEA2360D9A0005248CE /* WeatherLogger */,
				47B12F042360D9A7005248CE /* WeatherLoggerTests */,
				47B12EE92360D9A0005248CE /* Products */,
			);
			sourceTree = "<group>";
		};
		47B12EE92360D9A0005248CE /* Products */ = {
			isa = PBXGroup;
			children = (
				47B12EE82360D9A0005248CE /* WeatherLogger.app */,
				47B12F012360D9A7005248CE /* WeatherLoggerTests.xctest */,
			);
			name = Products;
			sourceTree = "<group>";
		};
		47B12EEA2360D9A0005248CE /* WeatherLogger */ = {
			isa = PBXGroup;
			children = (
				471F01B42361D593003EEDFB /* Tabbar */,
				471F01B12361C735003EEDFB /* Resources */,
				4786E004236188EE00AFDCDC /* APIService */,
				47B12EFC2360D9A6005248CE /* Info.plist */,
				4786DFFD23617AAA00AFDCDC /* WeatherHistory */,
				4786DFFC236175F400AFDCDC /* Supporting Files */,
				4786DFFA236174D500AFDCDC /* App */,
				47B12F142360F255005248CE /* Models */,
				47B12F102360F189005248CE /* Weather */,
				47B12EF42360D9A0005248CE /* WeatherLogger.xcdatamodeld */,
			);
			path = WeatherLogger;
			sourceTree = "<group>";
		};
		47B12F042360D9A7005248CE /* WeatherLoggerTests */ = {
			isa = PBXGroup;
			children = (
				47B12F052360D9A7005248CE /* WeatherLoggerTests.swift */,
				47B12F072360D9A7005248CE /* Info.plist */,
			);
			path = WeatherLoggerTests;
			sourceTree = "<group>";
		};
		47B12F102360F189005248CE /* Weather */ = {
			isa = PBXGroup;
			children = (
				47B12F132360F1B7005248CE /* Controller */,
				47B12F112360F199005248CE /* View */,
			);
			path = Weather;
			sourceTree = "<group>";
		};
		47B12F112360F199005248CE /* View */ = {
			isa = PBXGroup;
			children = (
			);
			path = View;
			sourceTree = "<group>";
		};
		47B12F132360F1B7005248CE /* Controller */ = {
			isa = PBXGroup;
			children = (
				47B12EEF2360D9A0005248CE /* WeatherViewController.swift */,
			);
			path = Controller;
			sourceTree = "<group>";
		};
		47B12F142360F255005248CE /* Models */ = {
			isa = PBXGroup;
			children = (
				47B12F152360F271005248CE /* OpenWeather.swift */,
				4786E00723618A7000AFDCDC /* Constant.swift */,
			);
			path = Models;
			sourceTree = "<group>";
		};
/* End PBXGroup section */

/* Begin PBXNativeTarget section */
		47B12EE72360D9A0005248CE /* WeatherLogger */ = {
			isa = PBXNativeTarget;
			buildConfigurationList = 47B12F0A2360D9A7005248CE /* Build configuration list for PBXNativeTarget "WeatherLogger" */;
			buildPhases = (
				47B12EE42360D9A0005248CE /* Sources */,
				47B12EE52360D9A0005248CE /* Frameworks */,
				47B12EE62360D9A0005248CE /* Resources */,
			);
			buildRules = (
			);
			dependencies = (
			);
			name = WeatherLogger;
			productName = WeatherLogger;
			productReference = 47B12EE82360D9A0005248CE /* WeatherLogger.app */;
			productType = "com.apple.product-type.application";
		};
		47B12F002360D9A7005248CE /* WeatherLoggerTests */ = {
			isa = PBXNativeTarget;
			buildConfigurationList = 47B12F0D2360D9A7005248CE /* Build configuration list for PBXNativeTarget "WeatherLoggerTests" */;
			buildPhases = (
				47B12EFD2360D9A7005248CE /* Sources */,
				47B12EFE2360D9A7005248CE /* Frameworks */,
				47B12EFF2360D9A7005248CE /* Resources */,
			);
			buildRules = (
			);
			dependencies = (
				47B12F032360D9A7005248CE /* PBXTargetDependency */,
			);
			name = WeatherLoggerTests;
			productName = WeatherLoggerTests;
			productReference = 47B12F012360D9A7005248CE /* WeatherLoggerTests.xctest */;
			productType = "com.apple.product-type.bundle.unit-test";
		};
/* End PBXNativeTarget section */

/* Begin PBXProject section */
		47B12EE02360D9A0005248CE /* Project object */ = {
			isa = PBXProject;
			attributes = {
				LastSwiftUpdateCheck = 1110;
				LastUpgradeCheck = 1110;
				ORGANIZATIONNAME = "Ali Emre Değirmenci";
				TargetAttributes = {
					47B12EE72360D9A0005248CE = {
						CreatedOnToolsVersion = 11.1;
					};
					47B12F002360D9A7005248CE = {
						CreatedOnToolsVersion = 11.1;
						TestTargetID = 47B12EE72360D9A0005248CE;
					};
				};
			};
			buildConfigurationList = 47B12EE32360D9A0005248CE /* Build configuration list for PBXProject "WeatherLogger" */;
			compatibilityVersion = "Xcode 9.3";
			developmentRegion = en;
			hasScannedForEncodings = 0;
			knownRegions = (
				en,
				Base,
			);
			mainGroup = 47B12EDF2360D9A0005248CE;
			productRefGroup = 47B12EE92360D9A0005248CE /* Products */;
			projectDirPath = "";
			projectRoot = "";
			targets = (
				47B12EE72360D9A0005248CE /* WeatherLogger */,
				47B12F002360D9A7005248CE /* WeatherLoggerTests */,
			);
		};
/* End PBXProject section */

/* Begin PBXResourcesBuildPhase section */
		47B12EE62360D9A0005248CE /* Resources */ = {
			isa = PBXResourcesBuildPhase;
			buildActionMask = 2147483647;
			files = (
				47B12EFB2360D9A6005248CE /* LaunchScreen.storyboard in Resources */,
				47B12EF82360D9A6005248CE /* Assets.xcassets in Resources */,
				47B12EF32360D9A0005248CE /* Main.storyboard in Resources */,
			);
			runOnlyForDeploymentPostprocessing = 0;
		};
		47B12EFF2360D9A7005248CE /* Resources */ = {
			isa = PBXResourcesBuildPhase;
			buildActionMask = 2147483647;
			files = (
			);
			runOnlyForDeploymentPostprocessing = 0;
		};
/* End PBXResourcesBuildPhase section */

/* Begin PBXSourcesBuildPhase section */
		47B12EE42360D9A0005248CE /* Sources */ = {
			isa = PBXSourcesBuildPhase;
			buildActionMask = 2147483647;
			files = (
				4786E00323617B4200AFDCDC /* WeatherHistoryTableViewCell.swift in Sources */,
				47B12EF02360D9A0005248CE /* WeatherViewController.swift in Sources */,
				471F01B32361C74A003EEDFB /* DoubleInt.swift in Sources */,
				4786E00823618A7000AFDCDC /* Constant.swift in Sources */,
				47B12F162360F271005248CE /* OpenWeather.swift in Sources */,
				47D84DB3236436B800285982 /* UIViewControllerUIAlertController.swift in Sources */,
				4786E0062361892A00AFDCDC /* OpenWeatherAPI.swift in Sources */,
				47B12EEC2360D9A0005248CE /* AppDelegate.swift in Sources */,
				471F01B72361D5AC003EEDFB /* TabbarController.swift in Sources */,
				47B12EF62360D9A0005248CE /* WeatherLogger.xcdatamodeld in Sources */,
				4786E00123617AED00AFDCDC /* WeatherHistoryViewController.swift in Sources */,
				47D64FD32362DBAE0080EF04 /* DetailWeatherHistoryViewController.swift in Sources */,
			);
			runOnlyForDeploymentPostprocessing = 0;
		};
		47B12EFD2360D9A7005248CE /* Sources */ = {
			isa = PBXSourcesBuildPhase;
			buildActionMask = 2147483647;
			files = (
				47B12F062360D9A7005248CE /* WeatherLoggerTests.swift in Sources */,
			);
			runOnlyForDeploymentPostprocessing = 0;
		};
/* End PBXSourcesBuildPhase section */

/* Begin PBXTargetDependency section */
		47B12F032360D9A7005248CE /* PBXTargetDependency */ = {
			isa = PBXTargetDependency;
			target = 47B12EE72360D9A0005248CE /* WeatherLogger */;
			targetProxy = 47B12F022360D9A7005248CE /* PBXContainerItemProxy */;
		};
/* End PBXTargetDependency section */

/* Begin PBXVariantGroup section */
		47B12EF12360D9A0005248CE /* Main.storyboard */ = {
			isa = PBXVariantGroup;
			children = (
				47B12EF22360D9A0005248CE /* Base */,
			);
			name = Main.storyboard;
			sourceTree = "<group>";
		};
		47B12EF92360D9A6005248CE /* LaunchScreen.storyboard */ = {
			isa = PBXVariantGroup;
			children = (
				47B12EFA2360D9A6005248CE /* Base */,
			);
			name = LaunchScreen.storyboard;
			sourceTree = "<group>";
		};
/* End PBXVariantGroup section */

/* Begin XCBuildConfiguration section */
		47B12F082360D9A7005248CE /* Debug */ = {
			isa = XCBuildConfiguration;
			buildSettings = {
				ALWAYS_SEARCH_USER_PATHS = NO;
				CLANG_ANALYZER_NONNULL = YES;
				CLANG_ANALYZER_NUMBER_OBJECT_CONVERSION = YES_AGGRESSIVE;
				CLANG_CXX_LANGUAGE_STANDARD = "gnu++14";
				CLANG_CXX_LIBRARY = "libc++";
				CLANG_ENABLE_MODULES = YES;
				CLANG_ENABLE_OBJC_ARC = YES;
				CLANG_ENABLE_OBJC_WEAK = YES;
				CLANG_WARN_BLOCK_CAPTURE_AUTORELEASING = YES;
				CLANG_WARN_BOOL_CONVERSION = YES;
				CLANG_WARN_COMMA = YES;
				CLANG_WARN_CONSTANT_CONVERSION = YES;
				CLANG_WARN_DEPRECATED_OBJC_IMPLEMENTATIONS = YES;
				CLANG_WARN_DIRECT_OBJC_ISA_USAGE = YES_ERROR;
				CLANG_WARN_DOCUMENTATION_COMMENTS = YES;
				CLANG_WARN_EMPTY_BODY = YES;
				CLANG_WARN_ENUM_CONVERSION = YES;
				CLANG_WARN_INFINITE_RECURSION = YES;
				CLANG_WARN_INT_CONVERSION = YES;
				CLANG_WARN_NON_LITERAL_NULL_CONVERSION = YES;
				CLANG_WARN_OBJC_IMPLICIT_RETAIN_SELF = YES;
				CLANG_WARN_OBJC_LITERAL_CONVERSION = YES;
				CLANG_WARN_OBJC_ROOT_CLASS = YES_ERROR;
				CLANG_WARN_RANGE_LOOP_ANALYSIS = YES;
				CLANG_WARN_STRICT_PROTOTYPES = YES;
				CLANG_WARN_SUSPICIOUS_MOVE = YES;
				CLANG_WARN_UNGUARDED_AVAILABILITY = YES_AGGRESSIVE;
				CLANG_WARN_UNREACHABLE_CODE = YES;
				CLANG_WARN__DUPLICATE_METHOD_MATCH = YES;
				COPY_PHASE_STRIP = NO;
				DEBUG_INFORMATION_FORMAT = dwarf;
				ENABLE_STRICT_OBJC_MSGSEND = YES;
				ENABLE_TESTABILITY = YES;
				GCC_C_LANGUAGE_STANDARD = gnu11;
				GCC_DYNAMIC_NO_PIC = NO;
				GCC_NO_COMMON_BLOCKS = YES;
				GCC_OPTIMIZATION_LEVEL = 0;
				GCC_PREPROCESSOR_DEFINITIONS = (
					"DEBUG=1",
					"$(inherited)",
				);
				GCC_WARN_64_TO_32_BIT_CONVERSION = YES;
				GCC_WARN_ABOUT_RETURN_TYPE = YES_ERROR;
				GCC_WARN_UNDECLARED_SELECTOR = YES;
				GCC_WARN_UNINITIALIZED_AUTOS = YES_AGGRESSIVE;
				GCC_WARN_UNUSED_FUNCTION = YES;
				GCC_WARN_UNUSED_VARIABLE = YES;
				IPHONEOS_DEPLOYMENT_TARGET = 12.4;
				MTL_ENABLE_DEBUG_INFO = INCLUDE_SOURCE;
				MTL_FAST_MATH = YES;
				ONLY_ACTIVE_ARCH = YES;
				SDKROOT = iphoneos;
				SWIFT_ACTIVE_COMPILATION_CONDITIONS = DEBUG;
				SWIFT_OPTIMIZATION_LEVEL = "-Onone";
			};
			name = Debug;
		};
		47B12F092360D9A7005248CE /* Release */ = {
			isa = XCBuildConfiguration;
			buildSettings = {
				ALWAYS_SEARCH_USER_PATHS = NO;
				CLANG_ANALYZER_NONNULL = YES;
				CLANG_ANALYZER_NUMBER_OBJECT_CONVERSION = YES_AGGRESSIVE;
				CLANG_CXX_LANGUAGE_STANDARD = "gnu++14";
				CLANG_CXX_LIBRARY = "libc++";
				CLANG_ENABLE_MODULES = YES;
				CLANG_ENABLE_OBJC_ARC = YES;
				CLANG_ENABLE_OBJC_WEAK = YES;
				CLANG_WARN_BLOCK_CAPTURE_AUTORELEASING = YES;
				CLANG_WARN_BOOL_CONVERSION = YES;
				CLANG_WARN_COMMA = YES;
				CLANG_WARN_CONSTANT_CONVERSION = YES;
				CLANG_WARN_DEPRECATED_OBJC_IMPLEMENTATIONS = YES;
				CLANG_WARN_DIRECT_OBJC_ISA_USAGE = YES_ERROR;
				CLANG_WARN_DOCUMENTATION_COMMENTS = YES;
				CLANG_WARN_EMPTY_BODY = YES;
				CLANG_WARN_ENUM_CONVERSION = YES;
				CLANG_WARN_INFINITE_RECURSION = YES;
				CLANG_WARN_INT_CONVERSION = YES;
				CLANG_WARN_NON_LITERAL_NULL_CONVERSION = YES;
				CLANG_WARN_OBJC_IMPLICIT_RETAIN_SELF = YES;
				CLANG_WARN_OBJC_LITERAL_CONVERSION = YES;
				CLANG_WARN_OBJC_ROOT_CLASS = YES_ERROR;
				CLANG_WARN_RANGE_LOOP_ANALYSIS = YES;
				CLANG_WARN_STRICT_PROTOTYPES = YES;
				CLANG_WARN_SUSPICIOUS_MOVE = YES;
				CLANG_WARN_UNGUARDED_AVAILABILITY = YES_AGGRESSIVE;
				CLANG_WARN_UNREACHABLE_CODE = YES;
				CLANG_WARN__DUPLICATE_METHOD_MATCH = YES;
				COPY_PHASE_STRIP = NO;
				DEBUG_INFORMATION_FORMAT = "dwarf-with-dsym";
				ENABLE_NS_ASSERTIONS = NO;
				ENABLE_STRICT_OBJC_MSGSEND = YES;
				GCC_C_LANGUAGE_STANDARD = gnu11;
				GCC_NO_COMMON_BLOCKS = YES;
				GCC_WARN_64_TO_32_BIT_CONVERSION = YES;
				GCC_WARN_ABOUT_RETURN_TYPE = YES_ERROR;
				GCC_WARN_UNDECLARED_SELECTOR = YES;
				GCC_WARN_UNINITIALIZED_AUTOS = YES_AGGRESSIVE;
				GCC_WARN_UNUSED_FUNCTION = YES;
				GCC_WARN_UNUSED_VARIABLE = YES;
				IPHONEOS_DEPLOYMENT_TARGET = 12.4;
				MTL_ENABLE_DEBUG_INFO = NO;
				MTL_FAST_MATH = YES;
				SDKROOT = iphoneos;
				SWIFT_COMPILATION_MODE = wholemodule;
				SWIFT_OPTIMIZATION_LEVEL = "-O";
				VALIDATE_PRODUCT = YES;
			};
			name = Release;
		};
		47B12F0B2360D9A7005248CE /* Debug */ = {
			isa = XCBuildConfiguration;
			buildSettings = {
				ASSETCATALOG_COMPILER_APPICON_NAME = AppIcon;
				CODE_SIGN_STYLE = Automatic;
				DEVELOPMENT_TEAM = NMCVZ8F7S5;
				INFOPLIST_FILE = WeatherLogger/Info.plist;
				IPHONEOS_DEPLOYMENT_TARGET = 12.4;
				LD_RUNPATH_SEARCH_PATHS = (
					"$(inherited)",
					"@executable_path/Frameworks",
				);
				PRODUCT_BUNDLE_IDENTIFIER = Emre.WeatherLogger;
				PRODUCT_NAME = "$(TARGET_NAME)";
				SWIFT_VERSION = 5.0;
				TARGETED_DEVICE_FAMILY = "1,2";
			};
			name = Debug;
		};
		47B12F0C2360D9A7005248CE /* Release */ = {
			isa = XCBuildConfiguration;
			buildSettings = {
				ASSETCATALOG_COMPILER_APPICON_NAME = AppIcon;
				CODE_SIGN_STYLE = Automatic;
				DEVELOPMENT_TEAM = NMCVZ8F7S5;
				INFOPLIST_FILE = WeatherLogger/Info.plist;
				IPHONEOS_DEPLOYMENT_TARGET = 12.4;
				LD_RUNPATH_SEARCH_PATHS = (
					"$(inherited)",
					"@executable_path/Frameworks",
				);
				PRODUCT_BUNDLE_IDENTIFIER = Emre.WeatherLogger;
				PRODUCT_NAME = "$(TARGET_NAME)";
				SWIFT_VERSION = 5.0;
				TARGETED_DEVICE_FAMILY = "1,2";
			};
			name = Release;
		};
		47B12F0E2360D9A7005248CE /* Debug */ = {
			isa = XCBuildConfiguration;
			buildSettings = {
				ALWAYS_EMBED_SWIFT_STANDARD_LIBRARIES = YES;
				BUNDLE_LOADER = "$(TEST_HOST)";
				CODE_SIGN_STYLE = Automatic;
				DEVELOPMENT_TEAM = NMCVZ8F7S5;
				INFOPLIST_FILE = WeatherLoggerTests/Info.plist;
				IPHONEOS_DEPLOYMENT_TARGET = 12.4;
				LD_RUNPATH_SEARCH_PATHS = (
					"$(inherited)",
					"@executable_path/Frameworks",
					"@loader_path/Frameworks",
				);
				PRODUCT_BUNDLE_IDENTIFIER = Emre.WeatherLoggerTests;
				PRODUCT_NAME = "$(TARGET_NAME)";
				SWIFT_VERSION = 5.0;
				TARGETED_DEVICE_FAMILY = "1,2";
				TEST_HOST = "$(BUILT_PRODUCTS_DIR)/WeatherLogger.app/WeatherLogger";
			};
			name = Debug;
		};
		47B12F0F2360D9A7005248CE /* Release */ = {
			isa = XCBuildConfiguration;
			buildSettings = {
				ALWAYS_EMBED_SWIFT_STANDARD_LIBRARIES = YES;
				BUNDLE_LOADER = "$(TEST_HOST)";
				CODE_SIGN_STYLE = Automatic;
				DEVELOPMENT_TEAM = NMCVZ8F7S5;
				INFOPLIST_FILE = WeatherLoggerTests/Info.plist;
				IPHONEOS_DEPLOYMENT_TARGET = 12.4;
				LD_RUNPATH_SEARCH_PATHS = (
					"$(inherited)",
					"@executable_path/Frameworks",
					"@loader_path/Frameworks",
				);
				PRODUCT_BUNDLE_IDENTIFIER = Emre.WeatherLoggerTests;
				PRODUCT_NAME = "$(TARGET_NAME)";
				SWIFT_VERSION = 5.0;
				TARGETED_DEVICE_FAMILY = "1,2";
				TEST_HOST = "$(BUILT_PRODUCTS_DIR)/WeatherLogger.app/WeatherLogger";
			};
			name = Release;
		};
/* End XCBuildConfiguration section */

/* Begin XCConfigurationList section */
		47B12EE32360D9A0005248CE /* Build configuration list for PBXProject "WeatherLogger" */ = {
			isa = XCConfigurationList;
			buildConfigurations = (
				47B12F082360D9A7005248CE /* Debug */,
				47B12F092360D9A7005248CE /* Release */,
			);
			defaultConfigurationIsVisible = 0;
			defaultConfigurationName = Release;
		};
		47B12F0A2360D9A7005248CE /* Build configuration list for PBXNativeTarget "WeatherLogger" */ = {
			isa = XCConfigurationList;
			buildConfigurations = (
				47B12F0B2360D9A7005248CE /* Debug */,
				47B12F0C2360D9A7005248CE /* Release */,
			);
			defaultConfigurationIsVisible = 0;
			defaultConfigurationName = Release;
		};
		47B12F0D2360D9A7005248CE /* Build configuration list for PBXNativeTarget "WeatherLoggerTests" */ = {
			isa = XCConfigurationList;
			buildConfigurations = (
				47B12F0E2360D9A7005248CE /* Debug */,
				47B12F0F2360D9A7005248CE /* Release */,
			);
			defaultConfigurationIsVisible = 0;
			defaultConfigurationName = Release;
		};
/* End XCConfigurationList section */

/* Begin XCVersionGroup section */
		47B12EF42360D9A0005248CE /* WeatherLogger.xcdatamodeld */ = {
			isa = XCVersionGroup;
			children = (
				47B12EF52360D9A0005248CE /* WeatherLogger.xcdatamodel */,
			);
			currentVersion = 47B12EF52360D9A0005248CE /* WeatherLogger.xcdatamodel */;
			path = WeatherLogger.xcdatamodeld;
			sourceTree = "<group>";
			versionGroupType = wrapper.xcdatamodel;
		};
/* End XCVersionGroup section */
	};
	rootObject = 47B12EE02360D9A0005248CE /* Project object */;
}
